{
  "name": "playwright-api-framework",
  "version": "0.1.0",
  "lockfileVersion": 3,
  "requires": true,
  "packages": {
    "": {
      "name": "playwright-api-framework",
      "version": "0.1.0",
      "dependencies": {
        "@faker-js/faker": "^8.4.1",
        "ajv": "^8.17.1",
        "ajv-formats": "^3.0.1",
        "p-retry": "^7.1.0",
        "winston": "^3.13.1",
        "xlsx": "^0.18.5",
        "xlsx-populate": "^1.21.0"
      },
      "devDependencies": {
        "@playwright/test": "^1.56.1",
        "@types/node": "^24.10.0"
      }
    },
    "node_modules/@colors/colors": {
      "version": "1.6.0",
      "resolved": "https://registry.npmjs.org/@colors/colors/-/colors-1.6.0.tgz",
      "integrity": "sha512-Ir+AOibqzrIsL6ajt3Rz3LskB7OiMVHqltZmspbW/TJuTVuyOMirVqAkjfY6JISiLHgyNqicAC8AyHHGzNd/dA==",
      "license": "MIT",
      "engines": {
        "node": ">=0.1.90"
      }
    },
    "node_modules/@dabh/diagnostics": {
      "version": "2.0.8",
      "resolved": "https://registry.npmjs.org/@dabh/diagnostics/-/diagnostics-2.0.8.tgz",
      "integrity": "sha512-R4MSXTVnuMzGD7bzHdW2ZhhdPC/igELENcq5IjEverBvq5hn1SXCWcsi6eSsdWP0/Ur+SItRRjAktmdoX/8R/Q==",
      "license": "MIT",
      "dependencies": {
        "@so-ric/colorspace": "^1.1.6",
        "enabled": "2.0.x",
        "kuler": "^2.0.0"
      }
    },
    "node_modules/@faker-js/faker": {
      "version": "8.4.1",
      "resolved": "https://registry.npmjs.org/@faker-js/faker/-/faker-8.4.1.tgz",
      "integrity": "sha512-XQ3cU+Q8Uqmrbf2e0cIC/QN43sTBSC8KF12u29Mb47tWrt2hAgBXSgpZMj4Ao8Uk0iJcU99QsOCaIL8934obCg==",
      "funding": [
        {
          "type": "opencollective",
          "url": "https://opencollective.com/fakerjs"
        }
      ],
      "license": "MIT",
      "engines": {
        "node": "^14.17.0 || ^16.13.0 || >=18.0.0",
        "npm": ">=6.14.13"
      }
    },
    "node_modules/@playwright/test": {
      "version": "1.56.1",
      "resolved": "https://registry.npmjs.org/@playwright/test/-/test-1.56.1.tgz",
      "integrity": "sha512-vSMYtL/zOcFpvJCW71Q/OEGQb7KYBPAdKh35WNSkaZA75JlAO8ED8UN6GUNTm3drWomcbcqRPFqQbLae8yBTdg==",
      "dev": true,
      "license": "Apache-2.0",
      "dependencies": {
        "playwright": "1.56.1"
      },
      "bin": {
        "playwright": "cli.js"
      },
      "engines": {
        "node": ">=18"
      }
    },
    "node_modules/@so-ric/colorspace": {
      "version": "1.1.6",
      "resolved": "https://registry.npmjs.org/@so-ric/colorspace/-/colorspace-1.1.6.tgz",
      "integrity": "sha512-/KiKkpHNOBgkFJwu9sh48LkHSMYGyuTcSFK/qMBdnOAlrRJzRSXAOFB5qwzaVQuDl8wAvHVMkaASQDReTahxuw==",
      "license": "MIT",
      "dependencies": {
        "color": "^5.0.2",
        "text-hex": "1.0.x"
      }
    },
    "node_modules/@types/node": {
      "version": "24.10.0",
      "resolved": "https://registry.npmjs.org/@types/node/-/node-24.10.0.tgz",
      "integrity": "sha512-qzQZRBqkFsYyaSWXuEHc2WR9c0a0CXwiE5FWUvn7ZM+vdy1uZLfCunD38UzhuB7YN/J11ndbDBcTmOdxJo9Q7A==",
      "dev": true,
      "license": "MIT",
      "dependencies": {
        "undici-types": "~7.16.0"
      }
    },
    "node_modules/@types/triple-beam": {
      "version": "1.3.5",
      "resolved": "https://registry.npmjs.org/@types/triple-beam/-/triple-beam-1.3.5.tgz",
      "integrity": "sha512-6WaYesThRMCl19iryMYP7/x2OVgCtbIVflDGFpWnb9irXI3UjYE4AzmYuiUKY1AJstGijoY+MgUszMgRxIYTYw==",
      "license": "MIT"
    },
    "node_modules/adler-32": {
      "version": "1.3.1",
      "resolved": "https://registry.npmjs.org/adler-32/-/adler-32-1.3.1.tgz",
      "integrity": "sha512-ynZ4w/nUUv5rrsR8UUGoe1VC9hZj6V5hU9Qw1HlMDJGEJw5S7TfTErWTjMys6M7vr0YWcPqs3qAr4ss0nDfP+A==",
      "license": "Apache-2.0",
      "engines": {
        "node": ">=0.8"
      }
    },
    "node_modules/ajv": {
      "version": "8.17.1",
      "resolved": "https://registry.npmjs.org/ajv/-/ajv-8.17.1.tgz",
      "integrity": "sha512-B/gBuNg5SiMTrPkC+A2+cW0RszwxYmn6VYxB/inlBStS5nx6xHIt/ehKRhIMhqusl7a8LjQoZnjCs5vhwxOQ1g==",
      "license": "MIT",
      "dependencies": {
        "fast-deep-equal": "^3.1.3",
        "fast-uri": "^3.0.1",
        "json-schema-traverse": "^1.0.0",
        "require-from-string": "^2.0.2"
      },
      "funding": {
        "type": "github",
        "url": "https://github.com/sponsors/epoberezkin"
      }
    },
    "node_modules/ajv-formats": {
      "version": "3.0.1",
      "resolved": "https://registry.npmjs.org/ajv-formats/-/ajv-formats-3.0.1.tgz",
      "integrity": "sha512-8iUql50EUR+uUcdRQ3HDqa6EVyo3docL8g5WJ3FNcWmu62IbkGUue/pEyLBW8VGKKucTPgqeks4fIU1DA4yowQ==",
      "license": "MIT",
      "dependencies": {
        "ajv": "^8.0.0"
      },
      "peerDependencies": {
        "ajv": "^8.0.0"
      },
      "peerDependenciesMeta": {
        "ajv": {
          "optional": true
        }
      }
    },
    "node_modules/async": {
      "version": "3.2.6",
      "resolved": "https://registry.npmjs.org/async/-/async-3.2.6.tgz",
      "integrity": "sha512-htCUDlxyyCLMgaM3xXg0C0LW2xqfuQ6p05pCEIsXuyQ+a1koYKTuBMzRNwmybfLgvJDMd0r1LTn4+E0Ti6C2AA==",
      "license": "MIT"
    },
    "node_modules/cfb": {
      "version": "1.2.2",
      "resolved": "https://registry.npmjs.org/cfb/-/cfb-1.2.2.tgz",
      "integrity": "sha512-KfdUZsSOw19/ObEWasvBP/Ac4reZvAGauZhs6S/gqNhXhI7cKwvlH7ulj+dOEYnca4bm4SGo8C1bTAQvnTjgQA==",
      "license": "Apache-2.0",
      "dependencies": {
        "adler-32": "~1.3.0",
        "crc-32": "~1.2.0"
      },
      "engines": {
        "node": ">=0.8"
      }
    },
    "node_modules/codepage": {
      "version": "1.15.0",
      "resolved": "https://registry.npmjs.org/codepage/-/codepage-1.15.0.tgz",
      "integrity": "sha512-3g6NUTPd/YtuuGrhMnOMRjFc+LJw/bnMp3+0r/Wcz3IXUuCosKRJvMphm5+Q+bvTVGcJJuRvVLuYba+WojaFaA==",
      "license": "Apache-2.0",
      "engines": {
        "node": ">=0.8"
      }
    },
    "node_modules/color": {
      "version": "5.0.3",
      "resolved": "https://registry.npmjs.org/color/-/color-5.0.3.tgz",
      "integrity": "sha512-ezmVcLR3xAVp8kYOm4GS45ZLLgIE6SPAFoduLr6hTDajwb3KZ2F46gulK3XpcwRFb5KKGCSezCBAY4Dw4HsyXA==",
      "license": "MIT",
      "dependencies": {
        "color-convert": "^3.1.3",
        "color-string": "^2.1.3"
      },
      "engines": {
        "node": ">=18"
      }
    },
    "node_modules/color-convert": {
      "version": "3.1.3",
      "resolved": "https://registry.npmjs.org/color-convert/-/color-convert-3.1.3.tgz",
      "integrity": "sha512-fasDH2ont2GqF5HpyO4w0+BcewlhHEZOFn9c1ckZdHpJ56Qb7MHhH/IcJZbBGgvdtwdwNbLvxiBEdg336iA9Sg==",
      "license": "MIT",
      "dependencies": {
        "color-name": "^2.0.0"
      },
      "engines": {
        "node": ">=14.6"
      }
    },
    "node_modules/color-name": {
      "version": "2.1.0",
      "resolved": "https://registry.npmjs.org/color-name/-/color-name-2.1.0.tgz",
      "integrity": "sha512-1bPaDNFm0axzE4MEAzKPuqKWeRaT43U/hyxKPBdqTfmPF+d6n7FSoTFxLVULUJOmiLp01KjhIPPH+HrXZJN4Rg==",
      "license": "MIT",
      "engines": {
        "node": ">=12.20"
      }
    },
    "node_modules/color-string": {
      "version": "2.1.4",
      "resolved": "https://registry.npmjs.org/color-string/-/color-string-2.1.4.tgz",
      "integrity": "sha512-Bb6Cq8oq0IjDOe8wJmi4JeNn763Xs9cfrBcaylK1tPypWzyoy2G3l90v9k64kjphl/ZJjPIShFztenRomi8WTg==",
      "license": "MIT",
      "dependencies": {
        "color-name": "^2.0.0"
      },
      "engines": {
        "node": ">=18"
      }
    },
    "node_modules/core-util-is": {
      "version": "1.0.3",
      "resolved": "https://registry.npmjs.org/core-util-is/-/core-util-is-1.0.3.tgz",
      "integrity": "sha512-ZQBvi1DcpJ4GDqanjucZ2Hj3wEO5pZDS89BWbkcrvdxksJorwUDDZamX9ldFkp9aw2lmBDLgkObEA4DWNJ9FYQ==",
      "license": "MIT"
    },
    "node_modules/crc-32": {
      "version": "1.2.2",
      "resolved": "https://registry.npmjs.org/crc-32/-/crc-32-1.2.2.tgz",
      "integrity": "sha512-ROmzCKrTnOwybPcJApAA6WBWij23HVfGVNKqqrZpuyZOHqK2CwHSvpGuyt/UNNvaIjEd8X5IFGp4Mh+Ie1IHJQ==",
      "license": "Apache-2.0",
      "bin": {
        "crc32": "bin/crc32.njs"
      },
      "engines": {
        "node": ">=0.8"
      }
    },
    "node_modules/enabled": {
      "version": "2.0.0",
      "resolved": "https://registry.npmjs.org/enabled/-/enabled-2.0.0.tgz",
      "integrity": "sha512-AKrN98kuwOzMIdAizXGI86UFBoo26CL21UM763y1h/GMSJ4/OHU9k2YlsmBpyScFo/wbLzWQJBMCW4+IO3/+OQ==",
      "license": "MIT"
    },
    "node_modules/fast-deep-equal": {
      "version": "3.1.3",
      "resolved": "https://registry.npmjs.org/fast-deep-equal/-/fast-deep-equal-3.1.3.tgz",
      "integrity": "sha512-f3qQ9oQy9j2AhBe/H9VC91wLmKBCCU/gDOnKNAYG5hswO7BLKj09Hc5HYNz9cGI++xlpDCIgDaitVs03ATR84Q==",
      "license": "MIT"
    },
    "node_modules/fast-uri": {
      "version": "3.1.0",
      "resolved": "https://registry.npmjs.org/fast-uri/-/fast-uri-3.1.0.tgz",
      "integrity": "sha512-iPeeDKJSWf4IEOasVVrknXpaBV0IApz/gp7S2bb7Z4Lljbl2MGJRqInZiUrQwV16cpzw/D3S5j5Julj/gT52AA==",
      "funding": [
        {
          "type": "github",
          "url": "https://github.com/sponsors/fastify"
        },
        {
          "type": "opencollective",
          "url": "https://opencollective.com/fastify"
        }
      ],
      "license": "BSD-3-Clause"
    },
    "node_modules/fecha": {
      "version": "4.2.3",
      "resolved": "https://registry.npmjs.org/fecha/-/fecha-4.2.3.tgz",
      "integrity": "sha512-OP2IUU6HeYKJi3i0z4A19kHMQoLVs4Hc+DPqqxI2h/DPZHTm/vjsfC6P0b4jCMy14XizLBqvndQ+UilD7707Jw==",
      "license": "MIT"
    },
    "node_modules/fn.name": {
      "version": "1.1.0",
      "resolved": "https://registry.npmjs.org/fn.name/-/fn.name-1.1.0.tgz",
      "integrity": "sha512-GRnmB5gPyJpAhTQdSZTSp9uaPSvl09KoYcMQtsB9rQoOmzs9dH6ffeccH+Z+cv6P68Hu5bC6JjRh4Ah/mHSNRw==",
      "license": "MIT"
    },
    "node_modules/frac": {
      "version": "1.1.2",
      "resolved": "https://registry.npmjs.org/frac/-/frac-1.1.2.tgz",
      "integrity": "sha512-w/XBfkibaTl3YDqASwfDUqkna4Z2p9cFSr1aHDt0WoMTECnRfBOv2WArlZILlqgWlmdIlALXGpM2AOhEk5W3IA==",
      "license": "Apache-2.0",
      "engines": {
        "node": ">=0.8"
      }
    },
    "node_modules/fsevents": {
      "version": "2.3.2",
      "resolved": "https://registry.npmjs.org/fsevents/-/fsevents-2.3.2.tgz",
      "integrity": "sha512-xiqMQR4xAeHTuB9uWm+fFRcIOgKBMiOBP+eXiyT7jsgVCq1bkVygt00oASowB7EdtpOHaaPgKt812P9ab+DDKA==",
      "dev": true,
      "hasInstallScript": true,
      "license": "MIT",
      "optional": true,
      "os": [
        "darwin"
      ],
      "engines": {
        "node": "^8.16.0 || ^10.6.0 || >=11.0.0"
      }
    },
    "node_modules/immediate": {
      "version": "3.0.6",
      "resolved": "https://registry.npmjs.org/immediate/-/immediate-3.0.6.tgz",
      "integrity": "sha512-XXOFtyqDjNDAQxVfYxuF7g9Il/IbWmmlQg2MYKOH8ExIT1qg6xc4zyS3HaEEATgs1btfzxq15ciUiY7gjSXRGQ==",
      "license": "MIT"
    },
    "node_modules/inherits": {
      "version": "2.0.4",
      "resolved": "https://registry.npmjs.org/inherits/-/inherits-2.0.4.tgz",
      "integrity": "sha512-k/vGaX4/Yla3WzyMCvTQOXYeIHvqOKtnqBduzTHpzpQZzAskKMhZ2K+EnBiSM9zGSoIFeMpXKxa4dYeZIQqewQ==",
      "license": "ISC"
    },
    "node_modules/is-network-error": {
      "version": "1.3.0",
      "resolved": "https://registry.npmjs.org/is-network-error/-/is-network-error-1.3.0.tgz",
      "integrity": "sha512-6oIwpsgRfnDiyEDLMay/GqCl3HoAtH5+RUKW29gYkL0QA+ipzpDLA16yQs7/RHCSu+BwgbJaOUqa4A99qNVQVw==",
      "license": "MIT",
      "engines": {
        "node": ">=16"
      },
      "funding": {
        "url": "https://github.com/sponsors/sindresorhus"
      }
    },
    "node_modules/is-stream": {
      "version": "2.0.1",
      "resolved": "https://registry.npmjs.org/is-stream/-/is-stream-2.0.1.tgz",
      "integrity": "sha512-hFoiJiTl63nn+kstHGBtewWSKnQLpyb155KHheA1l39uvtO9nWIop1p3udqPcUd/xbF1VLMO4n7OI6p7RbngDg==",
      "license": "MIT",
      "engines": {
        "node": ">=8"
      },
      "funding": {
        "url": "https://github.com/sponsors/sindresorhus"
      }
    },
    "node_modules/isarray": {
      "version": "1.0.0",
      "resolved": "https://registry.npmjs.org/isarray/-/isarray-1.0.0.tgz",
      "integrity": "sha512-VLghIWNM6ELQzo7zwmcg0NmTVyWKYjvIeM83yjp0wRDTmUnrM678fQbcKBo6n2CJEF0szoG//ytg+TKla89ALQ==",
      "license": "MIT"
    },
    "node_modules/json-schema-traverse": {
      "version": "1.0.0",
      "resolved": "https://registry.npmjs.org/json-schema-traverse/-/json-schema-traverse-1.0.0.tgz",
      "integrity": "sha512-NM8/P9n3XjXhIZn1lLhkFaACTOURQXjWhV4BA/RnOv8xvgqtqpAX9IO4mRQxSx1Rlo4tqzeqb0sOlruaOy3dug==",
      "license": "MIT"
    },
    "node_modules/jszip": {
      "version": "3.10.1",
      "resolved": "https://registry.npmjs.org/jszip/-/jszip-3.10.1.tgz",
      "integrity": "sha512-xXDvecyTpGLrqFrvkrUSoxxfJI5AH7U8zxxtVclpsUtMCq4JQ290LY8AW5c7Ggnr/Y/oK+bQMbqK2qmtk3pN4g==",
      "license": "(MIT OR GPL-3.0-or-later)",
      "dependencies": {
        "lie": "~3.3.0",
        "pako": "~1.0.2",
        "readable-stream": "~2.3.6",
        "setimmediate": "^1.0.5"
      }
    },
    "node_modules/kuler": {
      "version": "2.0.0",
      "resolved": "https://registry.npmjs.org/kuler/-/kuler-2.0.0.tgz",
      "integrity": "sha512-Xq9nH7KlWZmXAtodXDDRE7vs6DU1gTU8zYDHDiWLSip45Egwq3plLHzPn27NgvzL2r1LMPC1vdqh98sQxtqj4A==",
      "license": "MIT"
    },
    "node_modules/lie": {
      "version": "3.3.0",
      "resolved": "https://registry.npmjs.org/lie/-/lie-3.3.0.tgz",
      "integrity": "sha512-UaiMJzeWRlEujzAuw5LokY1L5ecNQYZKfmyZ9L7wDHb/p5etKaxXhohBcrw0EYby+G/NA52vRSN4N39dxHAIwQ==",
      "license": "MIT",
      "dependencies": {
        "immediate": "~3.0.5"
      }
    },
    "node_modules/lodash": {
      "version": "4.17.21",
      "resolved": "https://registry.npmjs.org/lodash/-/lodash-4.17.21.tgz",
      "integrity": "sha512-v2kDEe57lecTulaDIuNTPy3Ry4gLGJ6Z1O3vE1krgXZNrsQ+LFTGHVxVjcXPs17LhbZVGedAJv8XZ1tvj5FvSg==",
      "license": "MIT"
    },
    "node_modules/logform": {
      "version": "2.7.0",
      "resolved": "https://registry.npmjs.org/logform/-/logform-2.7.0.tgz",
      "integrity": "sha512-TFYA4jnP7PVbmlBIfhlSe+WKxs9dklXMTEGcBCIvLhE/Tn3H6Gk1norupVW7m5Cnd4bLcr08AytbyV/xj7f/kQ==",
      "license": "MIT",
      "dependencies": {
        "@colors/colors": "1.6.0",
        "@types/triple-beam": "^1.3.2",
        "fecha": "^4.2.0",
        "ms": "^2.1.1",
        "safe-stable-stringify": "^2.3.1",
        "triple-beam": "^1.3.0"
      },
      "engines": {
        "node": ">= 12.0.0"
      }
    },
    "node_modules/ms": {
      "version": "2.1.3",
      "resolved": "https://registry.npmjs.org/ms/-/ms-2.1.3.tgz",
      "integrity": "sha512-6FlzubTLZG3J2a/NVCAleEhjzq5oxgHyaCU9yYXvcLsvoVaHJq/s5xXI6/XXP6tz7R9xAOtHnSO/tXtF3WRTlA==",
      "license": "MIT"
    },
    "node_modules/one-time": {
      "version": "1.0.0",
      "resolved": "https://registry.npmjs.org/one-time/-/one-time-1.0.0.tgz",
      "integrity": "sha512-5DXOiRKwuSEcQ/l0kGCF6Q3jcADFv5tSmRaJck/OqkVFcOzutB134KRSfF0xDrL39MNnqxbHBbUUcjZIhTgb2g==",
      "license": "MIT",
      "dependencies": {
        "fn.name": "1.x.x"
      }
    },
    "node_modules/p-retry": {
      "version": "7.1.0",
      "resolved": "https://registry.npmjs.org/p-retry/-/p-retry-7.1.0.tgz",
      "integrity": "sha512-xL4PiFRQa/f9L9ZvR4/gUCRNus4N8YX80ku8kv9Jqz+ZokkiZLM0bcvX0gm1F3PDi9SPRsww1BDsTWgE6Y1GLQ==",
      "license": "MIT",
      "dependencies": {
        "is-network-error": "^1.1.0"
      },
      "engines": {
        "node": ">=20"
      },
      "funding": {
        "url": "https://github.com/sponsors/sindresorhus"
      }
    },
    "node_modules/pako": {
      "version": "1.0.11",
      "resolved": "https://registry.npmjs.org/pako/-/pako-1.0.11.tgz",
      "integrity": "sha512-4hLB8Py4zZce5s4yd9XzopqwVv/yGNhV1Bl8NTmCq1763HeK2+EwVTv+leGeL13Dnh2wfbqowVPXCIO0z4taYw==",
      "license": "(MIT AND Zlib)"
    },
    "node_modules/playwright": {
      "version": "1.56.1",
      "resolved": "https://registry.npmjs.org/playwright/-/playwright-1.56.1.tgz",
      "integrity": "sha512-aFi5B0WovBHTEvpM3DzXTUaeN6eN0qWnTkKx4NQaH4Wvcmc153PdaY2UBdSYKaGYw+UyWXSVyxDUg5DoPEttjw==",
      "dev": true,
      "license": "Apache-2.0",
      "dependencies": {
        "playwright-core": "1.56.1"
      },
      "bin": {
        "playwright": "cli.js"
      },
      "engines": {
        "node": ">=18"
      },
      "optionalDependencies": {
        "fsevents": "2.3.2"
      }
    },
    "node_modules/playwright-core": {
      "version": "1.56.1",
      "resolved": "https://registry.npmjs.org/playwright-core/-/playwright-core-1.56.1.tgz",
      "integrity": "sha512-hutraynyn31F+Bifme+Ps9Vq59hKuUCz7H1kDOcBs+2oGguKkWTU50bBWrtz34OUWmIwpBTWDxaRPXrIXkgvmQ==",
      "dev": true,
      "license": "Apache-2.0",
      "bin": {
        "playwright-core": "cli.js"
      },
      "engines": {
        "node": ">=18"
      }
    },
    "node_modules/process-nextick-args": {
      "version": "2.0.1",
      "resolved": "https://registry.npmjs.org/process-nextick-args/-/process-nextick-args-2.0.1.tgz",
      "integrity": "sha512-3ouUOpQhtgrbOa17J7+uxOTpITYWaGP7/AhoR3+A+/1e9skrzelGi/dXzEYyvbxubEF6Wn2ypscTKiKJFFn1ag==",
      "license": "MIT"
    },
    "node_modules/readable-stream": {
      "version": "2.3.8",
      "resolved": "https://registry.npmjs.org/readable-stream/-/readable-stream-2.3.8.tgz",
      "integrity": "sha512-8p0AUk4XODgIewSi0l8Epjs+EVnWiK7NoDIEGU0HhE7+ZyY8D1IMY7odu5lRrFXGg71L15KG8QrPmum45RTtdA==",
      "license": "MIT",
      "dependencies": {
        "core-util-is": "~1.0.0",
        "inherits": "~2.0.3",
        "isarray": "~1.0.0",
        "process-nextick-args": "~2.0.0",
        "safe-buffer": "~5.1.1",
        "string_decoder": "~1.1.1",
        "util-deprecate": "~1.0.1"
      }
    },
    "node_modules/require-from-string": {
      "version": "2.0.2",
      "resolved": "https://registry.npmjs.org/require-from-string/-/require-from-string-2.0.2.tgz",
      "integrity": "sha512-Xf0nWe6RseziFMu+Ap9biiUbmplq6S9/p+7w7YXP/JBHhrUDDUhwa+vANyubuqfZWTveU//DYVGsDG7RKL/vEw==",
      "license": "MIT",
      "engines": {
        "node": ">=0.10.0"
      }
    },
    "node_modules/safe-buffer": {
      "version": "5.1.2",
      "resolved": "https://registry.npmjs.org/safe-buffer/-/safe-buffer-5.1.2.tgz",
      "integrity": "sha512-Gd2UZBJDkXlY7GbJxfsE8/nvKkUEU1G38c1siN6QP6a9PT9MmHB8GnpscSmMJSoF8LOIrt8ud/wPtojys4G6+g==",
      "license": "MIT"
    },
    "node_modules/safe-stable-stringify": {
      "version": "2.5.0",
      "resolved": "https://registry.npmjs.org/safe-stable-stringify/-/safe-stable-stringify-2.5.0.tgz",
      "integrity": "sha512-b3rppTKm9T+PsVCBEOUR46GWI7fdOs00VKZ1+9c1EWDaDMvjQc6tUwuFyIprgGgTcWoVHSKrU8H31ZHA2e0RHA==",
      "license": "MIT",
      "engines": {
        "node": ">=10"
      }
    },
    "node_modules/sax": {
      "version": "1.4.3",
      "resolved": "https://registry.npmjs.org/sax/-/sax-1.4.3.tgz",
      "integrity": "sha512-yqYn1JhPczigF94DMS+shiDMjDowYO6y9+wB/4WgO0Y19jWYk0lQ4tuG5KI7kj4FTp1wxPj5IFfcrz/s1c3jjQ==",
      "license": "BlueOak-1.0.0"
    },
    "node_modules/setimmediate": {
      "version": "1.0.5",
      "resolved": "https://registry.npmjs.org/setimmediate/-/setimmediate-1.0.5.tgz",
      "integrity": "sha512-MATJdZp8sLqDl/68LfQmbP8zKPLQNV6BIZoIgrscFDQ+RsvK/BxeDQOgyxKKoh0y/8h3BqVFnCqQ/gd+reiIXA==",
      "license": "MIT"
    },
    "node_modules/ssf": {
      "version": "0.11.2",
      "resolved": "https://registry.npmjs.org/ssf/-/ssf-0.11.2.tgz",
      "integrity": "sha512-+idbmIXoYET47hH+d7dfm2epdOMUDjqcB4648sTZ+t2JwoyBFL/insLfB/racrDmsKB3diwsDA696pZMieAC5g==",
      "license": "Apache-2.0",
      "dependencies": {
        "frac": "~1.1.2"
      },
      "engines": {
        "node": ">=0.8"
      }
    },
    "node_modules/stack-trace": {
      "version": "0.0.10",
      "resolved": "https://registry.npmjs.org/stack-trace/-/stack-trace-0.0.10.tgz",
      "integrity": "sha512-KGzahc7puUKkzyMt+IqAep+TVNbKP+k2Lmwhub39m1AsTSkaDutx56aDCo+HLDzf/D26BIHTJWNiTG1KAJiQCg==",
      "license": "MIT",
      "engines": {
        "node": "*"
      }
    },
    "node_modules/string_decoder": {
      "version": "1.1.1",
      "resolved": "https://registry.npmjs.org/string_decoder/-/string_decoder-1.1.1.tgz",
      "integrity": "sha512-n/ShnvDi6FHbbVfviro+WojiFzv+s8MPMHBczVePfUpDJLwoLT0ht1l4YwBCbi8pJAveEEdnkHyPyTP/mzRfwg==",
      "license": "MIT",
      "dependencies": {
        "safe-buffer": "~5.1.0"
      }
    },
    "node_modules/text-hex": {
      "version": "1.0.0",
      "resolved": "https://registry.npmjs.org/text-hex/-/text-hex-1.0.0.tgz",
      "integrity": "sha512-uuVGNWzgJ4yhRaNSiubPY7OjISw4sw4E5Uv0wbjp+OzcbmVU/rsT8ujgcXJhn9ypzsgr5vlzpPqP+MBBKcGvbg==",
      "license": "MIT"
    },
    "node_modules/triple-beam": {
      "version": "1.4.1",
      "resolved": "https://registry.npmjs.org/triple-beam/-/triple-beam-1.4.1.tgz",
      "integrity": "sha512-aZbgViZrg1QNcG+LULa7nhZpJTZSLm/mXnHXnbAbjmN5aSa0y7V+wvv6+4WaBtpISJzThKy+PIPxc1Nq1EJ9mg==",
      "license": "MIT",
      "engines": {
        "node": ">= 14.0.0"
      }
    },
    "node_modules/undici-types": {
      "version": "7.16.0",
      "resolved": "https://registry.npmjs.org/undici-types/-/undici-types-7.16.0.tgz",
      "integrity": "sha512-Zz+aZWSj8LE6zoxD+xrjh4VfkIG8Ya6LvYkZqtUQGJPZjYl53ypCaUwWqo7eI0x66KBGeRo+mlBEkMSeSZ38Nw==",
      "dev": true,
      "license": "MIT"
    },
    "node_modules/util-deprecate": {
      "version": "1.0.2",
      "resolved": "https://registry.npmjs.org/util-deprecate/-/util-deprecate-1.0.2.tgz",
      "integrity": "sha512-EPD5q1uXyFxJpCrLnCc1nHnq3gOa6DZBocAIiI2TaSCA7VCJ1UJDMagCzIkXNsUYfD1daK//LTEQ8xiIbrHtcw==",
      "license": "MIT"
    },
    "node_modules/winston": {
      "version": "3.18.3",
      "resolved": "https://registry.npmjs.org/winston/-/winston-3.18.3.tgz",
      "integrity": "sha512-NoBZauFNNWENgsnC9YpgyYwOVrl2m58PpQ8lNHjV3kosGs7KJ7Npk9pCUE+WJlawVSe8mykWDKWFSVfs3QO9ww==",
      "license": "MIT",
      "dependencies": {
        "@colors/colors": "^1.6.0",
        "@dabh/diagnostics": "^2.0.8",
        "async": "^3.2.3",
        "is-stream": "^2.0.0",
        "logform": "^2.7.0",
        "one-time": "^1.0.0",
        "readable-stream": "^3.4.0",
        "safe-stable-stringify": "^2.3.1",
        "stack-trace": "0.0.x",
        "triple-beam": "^1.3.0",
        "winston-transport": "^4.9.0"
      },
      "engines": {
        "node": ">= 12.0.0"
      }
    },
    "node_modules/winston-transport": {
      "version": "4.9.0",
      "resolved": "https://registry.npmjs.org/winston-transport/-/winston-transport-4.9.0.tgz",
      "integrity": "sha512-8drMJ4rkgaPo1Me4zD/3WLfI/zPdA9o2IipKODunnGDcuqbHwjsbB79ylv04LCGGzU0xQ6vTznOMpQGaLhhm6A==",
      "license": "MIT",
      "dependencies": {
        "logform": "^2.7.0",
        "readable-stream": "^3.6.2",
        "triple-beam": "^1.3.0"
      },
      "engines": {
        "node": ">= 12.0.0"
      }
    },
    "node_modules/winston-transport/node_modules/readable-stream": {
      "version": "3.6.2",
      "resolved": "https://registry.npmjs.org/readable-stream/-/readable-stream-3.6.2.tgz",
      "integrity": "sha512-9u/sniCrY3D5WdsERHzHE4G2YCXqoG5FTHUiCC4SIbr6XcLZBY05ya9EKjYek9O5xOAwjGq+1JdGBAS7Q9ScoA==",
      "license": "MIT",
      "dependencies": {
        "inherits": "^2.0.3",
        "string_decoder": "^1.1.1",
        "util-deprecate": "^1.0.1"
      },
      "engines": {
        "node": ">= 6"
      }
    },
    "node_modules/winston/node_modules/readable-stream": {
      "version": "3.6.2",
      "resolved": "https://registry.npmjs.org/readable-stream/-/readable-stream-3.6.2.tgz",
      "integrity": "sha512-9u/sniCrY3D5WdsERHzHE4G2YCXqoG5FTHUiCC4SIbr6XcLZBY05ya9EKjYek9O5xOAwjGq+1JdGBAS7Q9ScoA==",
      "license": "MIT",
      "dependencies": {
        "inherits": "^2.0.3",
        "string_decoder": "^1.1.1",
        "util-deprecate": "^1.0.1"
      },
      "engines": {
        "node": ">= 6"
      }
    },
    "node_modules/wmf": {
      "version": "1.0.2",
      "resolved": "https://registry.npmjs.org/wmf/-/wmf-1.0.2.tgz",
      "integrity": "sha512-/p9K7bEh0Dj6WbXg4JG0xvLQmIadrner1bi45VMJTfnbVHsc7yIajZyoSoK60/dtVBs12Fm6WkUI5/3WAVsNMw==",
      "license": "Apache-2.0",
      "engines": {
        "node": ">=0.8"
      }
    },
    "node_modules/word": {
      "version": "0.3.0",
      "resolved": "https://registry.npmjs.org/word/-/word-0.3.0.tgz",
      "integrity": "sha512-OELeY0Q61OXpdUfTp+oweA/vtLVg5VDOXh+3he3PNzLGG/y0oylSOC1xRVj0+l4vQ3tj/bB1HVHv1ocXkQceFA==",
      "license": "Apache-2.0",
      "engines": {
        "node": ">=0.8"
      }
    },
    "node_modules/xlsx": {
      "version": "0.18.5",
      "resolved": "https://registry.npmjs.org/xlsx/-/xlsx-0.18.5.tgz",
      "integrity": "sha512-dmg3LCjBPHZnQp5/F/+nnTa+miPJxUXB6vtk42YjBBKayDNagxGEeIdWApkYPOf3Z3pm3k62Knjzp7lMeTEtFQ==",
      "license": "Apache-2.0",
      "dependencies": {
        "adler-32": "~1.3.0",
        "cfb": "~1.2.1",
        "codepage": "~1.15.0",
        "crc-32": "~1.2.1",
        "ssf": "~0.11.2",
        "wmf": "~1.0.1",
        "word": "~0.3.0"
      },
      "bin": {
        "xlsx": "bin/xlsx.njs"
      },
      "engines": {
        "node": ">=0.8"
      }
    },
    "node_modules/xlsx-populate": {
      "version": "1.21.0",
      "resolved": "https://registry.npmjs.org/xlsx-populate/-/xlsx-populate-1.21.0.tgz",
      "integrity": "sha512-8v2Gm8BehXo6LU7KT802QoXTPkYY1SKk5V8g/UuYZnNB3JzXqud/P99Pxr2yXeKyt+sKlCatmidz6jQNie1hRw==",
      "license": "MIT",
      "dependencies": {
        "cfb": "^1.1.3",
        "jszip": "^3.2.2",
        "lodash": "^4.17.15",
        "sax": "^1.2.4"
      }
    }
  }
}
